// !$*UTF8*$!
{
	archiveVersion = 1;
	classes = {
	};
	objectVersion = 46;
	objects = {

/* Begin PBXBuildFile section */
		A7E0002713D15A3D0048B9EC /* UIKit.framework in Frameworks */ = {isa = PBXBuildFile; fileRef = A7E0002613D15A3D0048B9EC /* UIKit.framework */; };
		A7E0002913D15A3D0048B9EC /* Foundation.framework in Frameworks */ = {isa = PBXBuildFile; fileRef = A7E0002813D15A3D0048B9EC /* Foundation.framework */; };
		A7E0002B13D15A3D0048B9EC /* CoreGraphics.framework in Frameworks */ = {isa = PBXBuildFile; fileRef = A7E0002A13D15A3D0048B9EC /* CoreGraphics.framework */; };
		A7EA404E13D164FC008D9551 /* first.png in Resources */ = {isa = PBXBuildFile; fileRef = A7EA404313D164FC008D9551 /* first.png */; };
		A7EA404F13D164FC008D9551 /* first@2x.png in Resources */ = {isa = PBXBuildFile; fileRef = A7EA404413D164FC008D9551 /* first@2x.png */; };
		A7EA405013D164FC008D9551 /* FirstViewController.m in Sources */ = {isa = PBXBuildFile; fileRef = A7EA404613D164FC008D9551 /* FirstViewController.m */; };
		A7EA405213D164FC008D9551 /* second.png in Resources */ = {isa = PBXBuildFile; fileRef = A7EA404813D164FC008D9551 /* second.png */; };
		A7EA405313D164FC008D9551 /* second@2x.png in Resources */ = {isa = PBXBuildFile; fileRef = A7EA404913D164FC008D9551 /* second@2x.png */; };
		A7EA405413D164FC008D9551 /* SecondViewController.m in Sources */ = {isa = PBXBuildFile; fileRef = A7EA404B13D164FC008D9551 /* SecondViewController.m */; };
		A7EA405513D164FC008D9551 /* SongGongAppDelegate.m in Sources */ = {isa = PBXBuildFile; fileRef = A7EA404D13D164FC008D9551 /* SongGongAppDelegate.m */; };
		A7EA405713D16550008D9551 /* main.m in Sources */ = {isa = PBXBuildFile; fileRef = A7EA405613D16550008D9551 /* main.m */; };
		A7EA405A13D1656D008D9551 /* InfoPlist.strings in Resources */ = {isa = PBXBuildFile; fileRef = A7EA405813D1656D008D9551 /* InfoPlist.strings */; };
		A7EA406313D16578008D9551 /* FirstViewController_iPad.xib in Resources */ = {isa = PBXBuildFile; fileRef = A7EA405B13D16578008D9551 /* FirstViewController_iPad.xib */; };
		A7EA406413D16578008D9551 /* FirstViewController_iPhone.xib in Resources */ = {isa = PBXBuildFile; fileRef = A7EA405D13D16578008D9551 /* FirstViewController_iPhone.xib */; };
		A7EA406513D16578008D9551 /* SecondViewController_iPad.xib in Resources */ = {isa = PBXBuildFile; fileRef = A7EA405F13D16578008D9551 /* SecondViewController_iPad.xib */; };
		A7EA406613D16578008D9551 /* SecondViewController_iPhone.xib in Resources */ = {isa = PBXBuildFile; fileRef = A7EA406113D16578008D9551 /* SecondViewController_iPhone.xib */; };
		BCEDBD9313D23BCF00BEA8FA /* AudioToolbox.framework in Frameworks */ = {isa = PBXBuildFile; fileRef = BCEDBD9113D23BCE00BEA8FA /* AudioToolbox.framework */; };
		BCEDBD9413D23BCF00BEA8FA /* AVFoundation.framework in Frameworks */ = {isa = PBXBuildFile; fileRef = BCEDBD9213D23BCF00BEA8FA /* AVFoundation.framework */; };
		BCEDBD9613D2431400BEA8FA /* MediaPlayer.framework in Frameworks */ = {isa = PBXBuildFile; fileRef = BCEDBD9513D2431400BEA8FA /* MediaPlayer.framework */; };
/* End PBXBuildFile section */

/* Begin PBXFileReference section */
		A7E0002213D15A3D0048B9EC /* SongGong.app */ = {isa = PBXFileReference; explicitFileType = wrapper.application; includeInIndex = 0; path = SongGong.app; sourceTree = BUILT_PRODUCTS_DIR; };
		A7E0002613D15A3D0048B9EC /* UIKit.framework */ = {isa = PBXFileReference; lastKnownFileType = wrapper.framework; name = UIKit.framework; path = System/Library/Frameworks/UIKit.framework; sourceTree = SDKROOT; };
		A7E0002813D15A3D0048B9EC /* Foundation.framework */ = {isa = PBXFileReference; lastKnownFileType = wrapper.framework; name = Foundation.framework; path = System/Library/Frameworks/Foundation.framework; sourceTree = SDKROOT; };
		A7E0002A13D15A3D0048B9EC /* CoreGraphics.framework */ = {isa = PBXFileReference; lastKnownFileType = wrapper.framework; name = CoreGraphics.framework; path = System/Library/Frameworks/CoreGraphics.framework; sourceTree = SDKROOT; };
		A7E0002E13D15A3D0048B9EC /* SongGong-Info.plist */ = {isa = PBXFileReference; lastKnownFileType = text.plist.xml; path = "SongGong-Info.plist"; sourceTree = "<group>"; };
		A7E0003413D15A3D0048B9EC /* SongGong-Prefix.pch */ = {isa = PBXFileReference; lastKnownFileType = sourcecode.c.h; path = "SongGong-Prefix.pch"; sourceTree = "<group>"; };
		A7EA404313D164FC008D9551 /* first.png */ = {isa = PBXFileReference; lastKnownFileType = image.png; path = first.png; sourceTree = SOURCE_ROOT; };
		A7EA404413D164FC008D9551 /* first@2x.png */ = {isa = PBXFileReference; lastKnownFileType = image.png; path = "first@2x.png"; sourceTree = SOURCE_ROOT; };
		A7EA404513D164FC008D9551 /* FirstViewController.h */ = {isa = PBXFileReference; fileEncoding = 4; lastKnownFileType = sourcecode.c.h; path = FirstViewController.h; sourceTree = SOURCE_ROOT; };
		A7EA404613D164FC008D9551 /* FirstViewController.m */ = {isa = PBXFileReference; fileEncoding = 4; lastKnownFileType = sourcecode.c.objc; path = FirstViewController.m; sourceTree = SOURCE_ROOT; };
		A7EA404813D164FC008D9551 /* second.png */ = {isa = PBXFileReference; lastKnownFileType = image.png; path = second.png; sourceTree = SOURCE_ROOT; };
		A7EA404913D164FC008D9551 /* second@2x.png */ = {isa = PBXFileReference; lastKnownFileType = image.png; path = "second@2x.png"; sourceTree = SOURCE_ROOT; };
		A7EA404A13D164FC008D9551 /* SecondViewController.h */ = {isa = PBXFileReference; fileEncoding = 4; lastKnownFileType = sourcecode.c.h; path = SecondViewController.h; sourceTree = SOURCE_ROOT; };
		A7EA404B13D164FC008D9551 /* SecondViewController.m */ = {isa = PBXFileReference; fileEncoding = 4; lastKnownFileType = sourcecode.c.objc; path = SecondViewController.m; sourceTree = SOURCE_ROOT; };
		A7EA404C13D164FC008D9551 /* SongGongAppDelegate.h */ = {isa = PBXFileReference; fileEncoding = 4; lastKnownFileType = sourcecode.c.h; path = SongGongAppDelegate.h; sourceTree = SOURCE_ROOT; };
		A7EA404D13D164FC008D9551 /* SongGongAppDelegate.m */ = {isa = PBXFileReference; fileEncoding = 4; lastKnownFileType = sourcecode.c.objc; path = SongGongAppDelegate.m; sourceTree = SOURCE_ROOT; };
		A7EA405613D16550008D9551 /* main.m */ = {isa = PBXFileReference; fileEncoding = 4; lastKnownFileType = sourcecode.c.objc; path = main.m; sourceTree = SOURCE_ROOT; };
		A7EA405913D1656D008D9551 /* en */ = {isa = PBXFileReference; lastKnownFileType = text.plist.strings; name = en; path = en.lproj/InfoPlist.strings; sourceTree = SOURCE_ROOT; };
		A7EA405C13D16578008D9551 /* en */ = {isa = PBXFileReference; lastKnownFileType = file.xib; name = en; path = en.lproj/FirstViewController_iPad.xib; sourceTree = SOURCE_ROOT; };
		A7EA405E13D16578008D9551 /* en */ = {isa = PBXFileReference; lastKnownFileType = file.xib; name = en; path = en.lproj/FirstViewController_iPhone.xib; sourceTree = SOURCE_ROOT; };
		A7EA406013D16578008D9551 /* en */ = {isa = PBXFileReference; lastKnownFileType = file.xib; name = en; path = en.lproj/SecondViewController_iPad.xib; sourceTree = SOURCE_ROOT; };
		A7EA406213D16578008D9551 /* en */ = {isa = PBXFileReference; lastKnownFileType = file.xib; name = en; path = en.lproj/SecondViewController_iPhone.xib; sourceTree = SOURCE_ROOT; };
		BCEDBD8F13D2343400BEA8FA /* SGCarouselProtocols.h */ = {isa = PBXFileReference; fileEncoding = 4; lastKnownFileType = sourcecode.c.h; path = SGCarouselProtocols.h; sourceTree = SOURCE_ROOT; };
		BCEDBD9113D23BCE00BEA8FA /* AudioToolbox.framework */ = {isa = PBXFileReference; lastKnownFileType = wrapper.framework; name = AudioToolbox.framework; path = System/Library/Frameworks/AudioToolbox.framework; sourceTree = SDKROOT; };
		BCEDBD9213D23BCF00BEA8FA /* AVFoundation.framework */ = {isa = PBXFileReference; lastKnownFileType = wrapper.framework; name = AVFoundation.framework; path = System/Library/Frameworks/AVFoundation.framework; sourceTree = SDKROOT; };
		BCEDBD9513D2431400BEA8FA /* MediaPlayer.framework */ = {isa = PBXFileReference; lastKnownFileType = wrapper.framework; name = MediaPlayer.framework; path = System/Library/Frameworks/MediaPlayer.framework; sourceTree = SDKROOT; };
/* End PBXFileReference section */

/* Begin PBXFrameworksBuildPhase section */
		A7E0001F13D15A3D0048B9EC /* Frameworks */ = {
			isa = PBXFrameworksBuildPhase;
			buildActionMask = 2147483647;
			files = (
				BCEDBD9613D2431400BEA8FA /* MediaPlayer.framework in Frameworks */,
				BCEDBD9313D23BCF00BEA8FA /* AudioToolbox.framework in Frameworks */,
				BCEDBD9413D23BCF00BEA8FA /* AVFoundation.framework in Frameworks */,
				A7E0002713D15A3D0048B9EC /* UIKit.framework in Frameworks */,
				A7E0002913D15A3D0048B9EC /* Foundation.framework in Frameworks */,
				A7E0002B13D15A3D0048B9EC /* CoreGraphics.framework in Frameworks */,
			);
			runOnlyForDeploymentPostprocessing = 0;
		};
/* End PBXFrameworksBuildPhase section */

/* Begin PBXGroup section */
		A7E0001713D15A3D0048B9EC = {
			isa = PBXGroup;
			children = (
				A7E0002C13D15A3D0048B9EC /* SongGong */,
				A7E0002513D15A3D0048B9EC /* Frameworks */,
				A7E0002313D15A3D0048B9EC /* Products */,
			);
			sourceTree = "<group>";
		};
		A7E0002313D15A3D0048B9EC /* Products */ = {
			isa = PBXGroup;
			children = (
				A7E0002213D15A3D0048B9EC /* SongGong.app */,
			);
			name = Products;
			sourceTree = "<group>";
		};
		A7E0002513D15A3D0048B9EC /* Frameworks */ = {
			isa = PBXGroup;
			children = (
				BCEDBD9513D2431400BEA8FA /* MediaPlayer.framework */,
				BCEDBD9113D23BCE00BEA8FA /* AudioToolbox.framework */,
				BCEDBD9213D23BCF00BEA8FA /* AVFoundation.framework */,
				A7E0002613D15A3D0048B9EC /* UIKit.framework */,
				A7E0002813D15A3D0048B9EC /* Foundation.framework */,
				A7E0002A13D15A3D0048B9EC /* CoreGraphics.framework */,
			);
			name = Frameworks;
			sourceTree = "<group>";
		};
		A7E0002C13D15A3D0048B9EC /* SongGong */ = {
			isa = PBXGroup;
			children = (
				A7EA404313D164FC008D9551 /* first.png */,
				A7EA404413D164FC008D9551 /* first@2x.png */,
				A7EA404513D164FC008D9551 /* FirstViewController.h */,
				A7EA404613D164FC008D9551 /* FirstViewController.m */,
				A7EA404813D164FC008D9551 /* second.png */,
				A7EA404913D164FC008D9551 /* second@2x.png */,
				A7EA404A13D164FC008D9551 /* SecondViewController.h */,
				A7EA404B13D164FC008D9551 /* SecondViewController.m */,
				A7EA404C13D164FC008D9551 /* SongGongAppDelegate.h */,
				A7EA404D13D164FC008D9551 /* SongGongAppDelegate.m */,
				A7EA405B13D16578008D9551 /* FirstViewController_iPad.xib */,
				A7EA405D13D16578008D9551 /* FirstViewController_iPhone.xib */,
				A7EA405F13D16578008D9551 /* SecondViewController_iPad.xib */,
				A7EA406113D16578008D9551 /* SecondViewController_iPhone.xib */,
				BCEDBD8F13D2343400BEA8FA /* SGCarouselProtocols.h */,
				A7E0002D13D15A3D0048B9EC /* Supporting Files */,
			);
			path = SongGong;
			sourceTree = "<group>";
		};
		A7E0002D13D15A3D0048B9EC /* Supporting Files */ = {
			isa = PBXGroup;
			children = (
				A7EA405813D1656D008D9551 /* InfoPlist.strings */,
				A7EA405613D16550008D9551 /* main.m */,
				A7E0002E13D15A3D0048B9EC /* SongGong-Info.plist */,
				A7E0003413D15A3D0048B9EC /* SongGong-Prefix.pch */,
			);
			name = "Supporting Files";
			sourceTree = "<group>";
		};
/* End PBXGroup section */

/* Begin PBXNativeTarget section */
		A7E0002113D15A3D0048B9EC /* SongGong */ = {
			isa = PBXNativeTarget;
			buildConfigurationList = A7E0005413D15A3D0048B9EC /* Build configuration list for PBXNativeTarget "SongGong" */;
			buildPhases = (
				A7E0001E13D15A3D0048B9EC /* Sources */,
				A7E0001F13D15A3D0048B9EC /* Frameworks */,
				A7E0002013D15A3D0048B9EC /* Resources */,
			);
			buildRules = (
			);
			dependencies = (
			);
			name = SongGong;
			productName = SongGong;
			productReference = A7E0002213D15A3D0048B9EC /* SongGong.app */;
			productType = "com.apple.product-type.application";
		};
/* End PBXNativeTarget section */

/* Begin PBXProject section */
		A7E0001913D15A3D0048B9EC /* Project object */ = {
			isa = PBXProject;
			attributes = {
				LastUpgradeCheck = 0420;
				ORGANIZATIONNAME = "doubleTwist Corporation";
			};
			buildConfigurationList = A7E0001C13D15A3D0048B9EC /* Build configuration list for PBXProject "SongGong" */;
			compatibilityVersion = "Xcode 3.2";
			developmentRegion = English;
			hasScannedForEncodings = 0;
			knownRegions = (
				en,
			);
			mainGroup = A7E0001713D15A3D0048B9EC;
			productRefGroup = A7E0002313D15A3D0048B9EC /* Products */;
			projectDirPath = "";
			projectRoot = "";
			targets = (
				A7E0002113D15A3D0048B9EC /* SongGong */,
			);
		};
/* End PBXProject section */

/* Begin PBXResourcesBuildPhase section */
		A7E0002013D15A3D0048B9EC /* Resources */ = {
			isa = PBXResourcesBuildPhase;
			buildActionMask = 2147483647;
			files = (
				A7EA404E13D164FC008D9551 /* first.png in Resources */,
				A7EA404F13D164FC008D9551 /* first@2x.png in Resources */,
				A7EA405213D164FC008D9551 /* second.png in Resources */,
				A7EA405313D164FC008D9551 /* second@2x.png in Resources */,
				A7EA405A13D1656D008D9551 /* InfoPlist.strings in Resources */,
				A7EA406313D16578008D9551 /* FirstViewController_iPad.xib in Resources */,
				A7EA406413D16578008D9551 /* FirstViewController_iPhone.xib in Resources */,
				A7EA406513D16578008D9551 /* SecondViewController_iPad.xib in Resources */,
				A7EA406613D16578008D9551 /* SecondViewController_iPhone.xib in Resources */,
			);
			runOnlyForDeploymentPostprocessing = 0;
		};
/* End PBXResourcesBuildPhase section */

/* Begin PBXSourcesBuildPhase section */
		A7E0001E13D15A3D0048B9EC /* Sources */ = {
			isa = PBXSourcesBuildPhase;
			buildActionMask = 2147483647;
			files = (
				A7EA405013D164FC008D9551 /* FirstViewController.m in Sources */,
				A7EA405413D164FC008D9551 /* SecondViewController.m in Sources */,
				A7EA405513D164FC008D9551 /* SongGongAppDelegate.m in Sources */,
				A7EA405713D16550008D9551 /* main.m in Sources */,
			);
			runOnlyForDeploymentPostprocessing = 0;
		};
/* End PBXSourcesBuildPhase section */

/* Begin PBXVariantGroup section */
		A7EA405813D1656D008D9551 /* InfoPlist.strings */ = {
			isa = PBXVariantGroup;
			children = (
				A7EA405913D1656D008D9551 /* en */,
			);
			name = InfoPlist.strings;
			sourceTree = "<group>";
		};
		A7EA405B13D16578008D9551 /* FirstViewController_iPad.xib */ = {
			isa = PBXVariantGroup;
			children = (
				A7EA405C13D16578008D9551 /* en */,
			);
			name = FirstViewController_iPad.xib;
			sourceTree = "<group>";
		};
		A7EA405D13D16578008D9551 /* FirstViewController_iPhone.xib */ = {
			isa = PBXVariantGroup;
			children = (
				A7EA405E13D16578008D9551 /* en */,
			);
			name = FirstViewController_iPhone.xib;
			sourceTree = "<group>";
		};
		A7EA405F13D16578008D9551 /* SecondViewController_iPad.xib */ = {
			isa = PBXVariantGroup;
			children = (
				A7EA406013D16578008D9551 /* en */,
			);
			name = SecondViewController_iPad.xib;
			sourceTree = "<group>";
		};
		A7EA406113D16578008D9551 /* SecondViewController_iPhone.xib */ = {
			isa = PBXVariantGroup;
			children = (
				A7EA406213D16578008D9551 /* en */,
			);
			name = SecondViewController_iPhone.xib;
			sourceTree = "<group>";
		};
/* End PBXVariantGroup section */

/* Begin XCBuildConfiguration section */
		A7E0005213D15A3D0048B9EC /* Debug */ = {
			isa = XCBuildConfiguration;
			buildSettings = {
				ALWAYS_SEARCH_USER_PATHS = NO;
				ARCHS = "$(ARCHS_STANDARD_32_BIT)";
				CLANG_ENABLE_OBJC_ARC = NO;
				"CODE_SIGN_IDENTITY[sdk=iphoneos*]" = "iPhone Developer";
				COPY_PHASE_STRIP = NO;
				GCC_C_LANGUAGE_STANDARD = gnu99;
				GCC_DYNAMIC_NO_PIC = NO;
				GCC_OPTIMIZATION_LEVEL = 0;
				GCC_PREPROCESSOR_DEFINITIONS = (
					"DEBUG=1",
					"$(inherited)",
				);
				GCC_SYMBOLS_PRIVATE_EXTERN = NO;
				GCC_VERSION = com.apple.compilers.llvmgcc42;
				GCC_WARN_ABOUT_MISSING_PROTOTYPES = YES;
				GCC_WARN_ABOUT_RETURN_TYPE = YES;
				GCC_WARN_UNUSED_VARIABLE = YES;
				IPHONEOS_DEPLOYMENT_TARGET = 4.3;
				SDKROOT = iphoneos4.3;
				TARGETED_DEVICE_FAMILY = "1,2";
			};
			name = Debug;
		};
		A7E0005313D15A3D0048B9EC /* Release */ = {
			isa = XCBuildConfiguration;
			buildSettings = {
				ALWAYS_SEARCH_USER_PATHS = NO;
				ARCHS = "$(ARCHS_STANDARD_32_BIT)";
				CLANG_ENABLE_OBJC_ARC = NO;
				"CODE_SIGN_IDENTITY[sdk=iphoneos*]" = "iPhone Developer";
				COPY_PHASE_STRIP = YES;
				GCC_C_LANGUAGE_STANDARD = gnu99;
				GCC_VERSION = com.apple.compilers.llvmgcc42;
				GCC_WARN_ABOUT_MISSING_PROTOTYPES = YES;
				GCC_WARN_ABOUT_RETURN_TYPE = YES;
				GCC_WARN_UNUSED_VARIABLE = YES;
				IPHONEOS_DEPLOYMENT_TARGET = 4.3;
				OTHER_CFLAGS = "-DNS_BLOCK_ASSERTIONS=1";
				SDKROOT = iphoneos4.3;
				TARGETED_DEVICE_FAMILY = "1,2";
				VALIDATE_PRODUCT = YES;
			};
			name = Release;
		};
		A7E0005513D15A3D0048B9EC /* Debug */ = {
			isa = XCBuildConfiguration;
			buildSettings = {
				GCC_PRECOMPILE_PREFIX_HEADER = YES;
				GCC_PREFIX_HEADER = "SongGong-Prefix.pch";
				INFOPLIST_FILE = "SongGong-Info.plist";
				IPHONEOS_DEPLOYMENT_TARGET = 4.3;
				PRODUCT_NAME = "$(TARGET_NAME)";
				WRAPPER_EXTENSION = app;
			};
			name = Debug;
		};
		A7E0005613D15A3D0048B9EC /* Release */ = {
			isa = XCBuildConfiguration;
			buildSettings = {
				GCC_PRECOMPILE_PREFIX_HEADER = YES;
				GCC_PREFIX_HEADER = "SongGong-Prefix.pch";
				INFOPLIST_FILE = "SongGong-Info.plist";
				IPHONEOS_DEPLOYMENT_TARGET = 4.3;
				PRODUCT_NAME = "$(TARGET_NAME)";
				WRAPPER_EXTENSION = app;
			};
			name = Release;
		};
/* End XCBuildConfiguration section */

/* Begin XCConfigurationList section */
		A7E0001C13D15A3D0048B9EC /* Build configuration list for PBXProject "SongGong" */ = {
			isa = XCConfigurationList;
			buildConfigurations = (
				A7E0005213D15A3D0048B9EC /* Debug */,
				A7E0005313D15A3D0048B9EC /* Release */,
			);
			defaultConfigurationIsVisible = 0;
			defaultConfigurationName = Release;
		};
		A7E0005413D15A3D0048B9EC /* Build configuration list for PBXNativeTarget "SongGong" */ = {
			isa = XCConfigurationList;
			buildConfigurations = (
				A7E0005513D15A3D0048B9EC /* Debug */,
				A7E0005613D15A3D0048B9EC /* Release */,
			);
			defaultConfigurationIsVisible = 0;
			defaultConfigurationName = Release;
		};
/* End XCConfigurationList section */
	};
	rootObject = A7E0001913D15A3D0048B9EC /* Project object */;
}
