// !$*UTF8*$!
{
	archiveVersion = 1;
	classes = {
	};
	objectVersion = 46;
	objects = {

/* Begin PBXBuildFile section */
		A7B38D3113D2616A0067C53D /* nav-LeftRight.aiff in Resources */ = {isa = PBXBuildFile; fileRef = A7B38D2E13D2616A0067C53D /* nav-LeftRight.aiff */; };
		A7B38D3213D2616A0067C53D /* nav-UpDown.aiff in Resources */ = {isa = PBXBuildFile; fileRef = A7B38D2F13D2616A0067C53D /* nav-UpDown.aiff */; };
		A7B38D3313D2616A0067C53D /* nav-Wall.aiff in Resources */ = {isa = PBXBuildFile; fileRef = A7B38D3013D2616A0067C53D /* nav-Wall.aiff */; };
		A7B38D3C13D2623C0067C53D /* OPAAudioPlayer.m in Sources */ = {isa = PBXBuildFile; fileRef = A7B38D3913D2623C0067C53D /* OPAAudioPlayer.m */; };
		A7B38D3D13D2623C0067C53D /* OPAAudioQueueObject.m in Sources */ = {isa = PBXBuildFile; fileRef = A7B38D3B13D2623C0067C53D /* OPAAudioQueueObject.m */; };
		A7C4193313D2545C00C12455 /* SGBlindGestureView.m in Sources */ = {isa = PBXBuildFile; fileRef = A7C4192D13D2545C00C12455 /* SGBlindGestureView.m */; };
		A7C4193413D2545C00C12455 /* SGCarouselViewController.m in Sources */ = {isa = PBXBuildFile; fileRef = A7C4192F13D2545C00C12455 /* SGCarouselViewController.m */; };
		A7C4193513D2545C00C12455 /* SGCarouselViewController.xib in Resources */ = {isa = PBXBuildFile; fileRef = A7C4193013D2545C00C12455 /* SGCarouselViewController.xib */; };
		A7C4193613D2545C00C12455 /* SGGestureController.m in Sources */ = {isa = PBXBuildFile; fileRef = A7C4193213D2545C00C12455 /* SGGestureController.m */; };
		A7D636D813D2662500E6F541 /* OPASpookSoundManager.m in Sources */ = {isa = PBXBuildFile; fileRef = A7D636D713D2662500E6F541 /* OPASpookSoundManager.m */; };
		A7D636DB13D26D1200E6F541 /* SGIPodSource.m in Sources */ = {isa = PBXBuildFile; fileRef = A7D636DA13D26D1200E6F541 /* SGIPodSource.m */; };
		A7E0002713D15A3D0048B9EC /* UIKit.framework in Frameworks */ = {isa = PBXBuildFile; fileRef = A7E0002613D15A3D0048B9EC /* UIKit.framework */; };
		A7E0002913D15A3D0048B9EC /* Foundation.framework in Frameworks */ = {isa = PBXBuildFile; fileRef = A7E0002813D15A3D0048B9EC /* Foundation.framework */; };
		A7E0002B13D15A3D0048B9EC /* CoreGraphics.framework in Frameworks */ = {isa = PBXBuildFile; fileRef = A7E0002A13D15A3D0048B9EC /* CoreGraphics.framework */; };
		A7EA405513D164FC008D9551 /* SongGongAppDelegate.m in Sources */ = {isa = PBXBuildFile; fileRef = A7EA404D13D164FC008D9551 /* SongGongAppDelegate.m */; };
		A7EA405713D16550008D9551 /* main.m in Sources */ = {isa = PBXBuildFile; fileRef = A7EA405613D16550008D9551 /* main.m */; };
		A7EA405A13D1656D008D9551 /* InfoPlist.strings in Resources */ = {isa = PBXBuildFile; fileRef = A7EA405813D1656D008D9551 /* InfoPlist.strings */; };
		BC6D345613D25995006DA25F /* iCarousel.m in Sources */ = {isa = PBXBuildFile; fileRef = BC6D345513D25995006DA25F /* iCarousel.m */; };
		BC6D345913D25A3E006DA25F /* QuartzCore.framework in Frameworks */ = {isa = PBXBuildFile; fileRef = BC6D345813D25A3E006DA25F /* QuartzCore.framework */; };
		BCBA88A813D271A400639D2C /* ipod-icon.png in Resources */ = {isa = PBXBuildFile; fileRef = BCBA88A713D271A400639D2C /* ipod-icon.png */; };
		BCEDBD9313D23BCF00BEA8FA /* AudioToolbox.framework in Frameworks */ = {isa = PBXBuildFile; fileRef = BCEDBD9113D23BCE00BEA8FA /* AudioToolbox.framework */; };
		BCEDBD9413D23BCF00BEA8FA /* AVFoundation.framework in Frameworks */ = {isa = PBXBuildFile; fileRef = BCEDBD9213D23BCF00BEA8FA /* AVFoundation.framework */; };
		BCEDBD9613D2431400BEA8FA /* MediaPlayer.framework in Frameworks */ = {isa = PBXBuildFile; fileRef = BCEDBD9513D2431400BEA8FA /* MediaPlayer.framework */; };
/* End PBXBuildFile section */

/* Begin PBXFileReference section */
		A7B38D2E13D2616A0067C53D /* nav-LeftRight.aiff */ = {isa = PBXFileReference; lastKnownFileType = audio.aiff; name = "nav-LeftRight.aiff"; path = "Resources/navSounds/nav-LeftRight.aiff"; sourceTree = SOURCE_ROOT; };
		A7B38D2F13D2616A0067C53D /* nav-UpDown.aiff */ = {isa = PBXFileReference; lastKnownFileType = audio.aiff; name = "nav-UpDown.aiff"; path = "Resources/navSounds/nav-UpDown.aiff"; sourceTree = SOURCE_ROOT; };
		A7B38D3013D2616A0067C53D /* nav-Wall.aiff */ = {isa = PBXFileReference; lastKnownFileType = audio.aiff; name = "nav-Wall.aiff"; path = "Resources/navSounds/nav-Wall.aiff"; sourceTree = SOURCE_ROOT; };
		A7B38D3813D2623C0067C53D /* OPAAudioPlayer.h */ = {isa = PBXFileReference; fileEncoding = 4; lastKnownFileType = sourcecode.c.h; path = OPAAudioPlayer.h; sourceTree = "<group>"; };
		A7B38D3913D2623C0067C53D /* OPAAudioPlayer.m */ = {isa = PBXFileReference; fileEncoding = 4; lastKnownFileType = sourcecode.c.objc; path = OPAAudioPlayer.m; sourceTree = "<group>"; };
		A7B38D3A13D2623C0067C53D /* OPAAudioQueueObject.h */ = {isa = PBXFileReference; fileEncoding = 4; lastKnownFileType = sourcecode.c.h; path = OPAAudioQueueObject.h; sourceTree = "<group>"; };
		A7B38D3B13D2623C0067C53D /* OPAAudioQueueObject.m */ = {isa = PBXFileReference; fileEncoding = 4; lastKnownFileType = sourcecode.c.objc; path = OPAAudioQueueObject.m; sourceTree = "<group>"; };
		A7C4192C13D2545C00C12455 /* SGBlindGestureView.h */ = {isa = PBXFileReference; fileEncoding = 4; lastKnownFileType = sourcecode.c.h; path = SGBlindGestureView.h; sourceTree = SOURCE_ROOT; };
		A7C4192D13D2545C00C12455 /* SGBlindGestureView.m */ = {isa = PBXFileReference; fileEncoding = 4; lastKnownFileType = sourcecode.c.objc; path = SGBlindGestureView.m; sourceTree = SOURCE_ROOT; };
		A7C4192E13D2545C00C12455 /* SGCarouselViewController.h */ = {isa = PBXFileReference; fileEncoding = 4; lastKnownFileType = sourcecode.c.h; path = SGCarouselViewController.h; sourceTree = SOURCE_ROOT; };
		A7C4192F13D2545C00C12455 /* SGCarouselViewController.m */ = {isa = PBXFileReference; fileEncoding = 4; lastKnownFileType = sourcecode.c.objc; path = SGCarouselViewController.m; sourceTree = SOURCE_ROOT; };
		A7C4193013D2545C00C12455 /* SGCarouselViewController.xib */ = {isa = PBXFileReference; fileEncoding = 4; lastKnownFileType = file.xib; path = SGCarouselViewController.xib; sourceTree = SOURCE_ROOT; };
		A7C4193113D2545C00C12455 /* SGGestureController.h */ = {isa = PBXFileReference; fileEncoding = 4; lastKnownFileType = sourcecode.c.h; path = SGGestureController.h; sourceTree = SOURCE_ROOT; };
		A7C4193213D2545C00C12455 /* SGGestureController.m */ = {isa = PBXFileReference; fileEncoding = 4; lastKnownFileType = sourcecode.c.objc; path = SGGestureController.m; sourceTree = SOURCE_ROOT; };
		A7D636D613D2662500E6F541 /* OPASpookSoundManager.h */ = {isa = PBXFileReference; fileEncoding = 4; lastKnownFileType = sourcecode.c.h; path = OPASpookSoundManager.h; sourceTree = SOURCE_ROOT; };
		A7D636D713D2662500E6F541 /* OPASpookSoundManager.m */ = {isa = PBXFileReference; fileEncoding = 4; lastKnownFileType = sourcecode.c.objc; path = OPASpookSoundManager.m; sourceTree = SOURCE_ROOT; };
		A7D636D913D26D1200E6F541 /* SGIPodSource.h */ = {isa = PBXFileReference; fileEncoding = 4; lastKnownFileType = sourcecode.c.h; name = SGIPodSource.h; path = SongGong.xcodeproj/SGIPodSource.h; sourceTree = SOURCE_ROOT; };
		A7D636DA13D26D1200E6F541 /* SGIPodSource.m */ = {isa = PBXFileReference; fileEncoding = 4; lastKnownFileType = sourcecode.c.objc; name = SGIPodSource.m; path = SongGong.xcodeproj/SGIPodSource.m; sourceTree = SOURCE_ROOT; };
		A7E0002213D15A3D0048B9EC /* SongGong.app */ = {isa = PBXFileReference; explicitFileType = wrapper.application; includeInIndex = 0; path = SongGong.app; sourceTree = BUILT_PRODUCTS_DIR; };
		A7E0002613D15A3D0048B9EC /* UIKit.framework */ = {isa = PBXFileReference; lastKnownFileType = wrapper.framework; name = UIKit.framework; path = System/Library/Frameworks/UIKit.framework; sourceTree = SDKROOT; };
		A7E0002813D15A3D0048B9EC /* Foundation.framework */ = {isa = PBXFileReference; lastKnownFileType = wrapper.framework; name = Foundation.framework; path = System/Library/Frameworks/Foundation.framework; sourceTree = SDKROOT; };
		A7E0002A13D15A3D0048B9EC /* CoreGraphics.framework */ = {isa = PBXFileReference; lastKnownFileType = wrapper.framework; name = CoreGraphics.framework; path = System/Library/Frameworks/CoreGraphics.framework; sourceTree = SDKROOT; };
		A7E0002E13D15A3D0048B9EC /* SongGong-Info.plist */ = {isa = PBXFileReference; lastKnownFileType = text.plist.xml; path = "SongGong-Info.plist"; sourceTree = "<group>"; };
		A7E0003413D15A3D0048B9EC /* SongGong-Prefix.pch */ = {isa = PBXFileReference; lastKnownFileType = sourcecode.c.h; path = "SongGong-Prefix.pch"; sourceTree = "<group>"; };
		A7EA404C13D164FC008D9551 /* SongGongAppDelegate.h */ = {isa = PBXFileReference; fileEncoding = 4; lastKnownFileType = sourcecode.c.h; path = SongGongAppDelegate.h; sourceTree = SOURCE_ROOT; };
		A7EA404D13D164FC008D9551 /* SongGongAppDelegate.m */ = {isa = PBXFileReference; fileEncoding = 4; lastKnownFileType = sourcecode.c.objc; path = SongGongAppDelegate.m; sourceTree = SOURCE_ROOT; };
		A7EA405613D16550008D9551 /* main.m */ = {isa = PBXFileReference; fileEncoding = 4; lastKnownFileType = sourcecode.c.objc; path = main.m; sourceTree = SOURCE_ROOT; };
		A7EA405913D1656D008D9551 /* en */ = {isa = PBXFileReference; lastKnownFileType = text.plist.strings; name = en; path = en.lproj/InfoPlist.strings; sourceTree = SOURCE_ROOT; };
		BC6D345413D25995006DA25F /* iCarousel.h */ = {isa = PBXFileReference; fileEncoding = 4; lastKnownFileType = sourcecode.c.h; path = iCarousel.h; sourceTree = SOURCE_ROOT; };
		BC6D345513D25995006DA25F /* iCarousel.m */ = {isa = PBXFileReference; fileEncoding = 4; lastKnownFileType = sourcecode.c.objc; path = iCarousel.m; sourceTree = SOURCE_ROOT; };
		BC6D345813D25A3E006DA25F /* QuartzCore.framework */ = {isa = PBXFileReference; lastKnownFileType = wrapper.framework; name = QuartzCore.framework; path = System/Library/Frameworks/QuartzCore.framework; sourceTree = SDKROOT; };
		BCBA88A713D271A400639D2C /* ipod-icon.png */ = {isa = PBXFileReference; lastKnownFileType = image.png; name = "ipod-icon.png"; path = "Resources/ipod-icon.png"; sourceTree = SOURCE_ROOT; };
		BCEDBD8F13D2343400BEA8FA /* SGCarouselProtocols.h */ = {isa = PBXFileReference; fileEncoding = 4; lastKnownFileType = sourcecode.c.h; path = SGCarouselProtocols.h; sourceTree = SOURCE_ROOT; };
		BCEDBD9113D23BCE00BEA8FA /* AudioToolbox.framework */ = {isa = PBXFileReference; lastKnownFileType = wrapper.framework; name = AudioToolbox.framework; path = System/Library/Frameworks/AudioToolbox.framework; sourceTree = SDKROOT; };
		BCEDBD9213D23BCF00BEA8FA /* AVFoundation.framework */ = {isa = PBXFileReference; lastKnownFileType = wrapper.framework; name = AVFoundation.framework; path = System/Library/Frameworks/AVFoundation.framework; sourceTree = SDKROOT; };
		BCEDBD9513D2431400BEA8FA /* MediaPlayer.framework */ = {isa = PBXFileReference; lastKnownFileType = wrapper.framework; name = MediaPlayer.framework; path = System/Library/Frameworks/MediaPlayer.framework; sourceTree = SDKROOT; };
/* End PBXFileReference section */

/* Begin PBXFrameworksBuildPhase section */
		A7E0001F13D15A3D0048B9EC /* Frameworks */ = {
			isa = PBXFrameworksBuildPhase;
			buildActionMask = 2147483647;
			files = (
				BC6D345913D25A3E006DA25F /* QuartzCore.framework in Frameworks */,
				BCEDBD9613D2431400BEA8FA /* MediaPlayer.framework in Frameworks */,
				BCEDBD9313D23BCF00BEA8FA /* AudioToolbox.framework in Frameworks */,
				BCEDBD9413D23BCF00BEA8FA /* AVFoundation.framework in Frameworks */,
				A7E0002713D15A3D0048B9EC /* UIKit.framework in Frameworks */,
				A7E0002913D15A3D0048B9EC /* Foundation.framework in Frameworks */,
				A7E0002B13D15A3D0048B9EC /* CoreGraphics.framework in Frameworks */,
			);
			runOnlyForDeploymentPostprocessing = 0;
		};
/* End PBXFrameworksBuildPhase section */

/* Begin PBXGroup section */
		A7B38D2C13D2614F0067C53D /* Sounds */ = {
			isa = PBXGroup;
			children = (
				A7B38D2E13D2616A0067C53D /* nav-LeftRight.aiff */,
				A7B38D2F13D2616A0067C53D /* nav-UpDown.aiff */,
				A7B38D3013D2616A0067C53D /* nav-Wall.aiff */,
			);
			name = Sounds;
			sourceTree = "<group>";
		};
		A7B38D2D13D261590067C53D /* Images */ = {
			isa = PBXGroup;
			children = (
				BCBA88A713D271A400639D2C /* ipod-icon.png */,
			);
			name = Images;
			sourceTree = "<group>";
		};
		A7B38D3713D2623C0067C53D /* AudioPlayer */ = {
			isa = PBXGroup;
			children = (
				A7D636D613D2662500E6F541 /* OPASpookSoundManager.h */,
				A7D636D713D2662500E6F541 /* OPASpookSoundManager.m */,
				A7B38D3813D2623C0067C53D /* OPAAudioPlayer.h */,
				A7B38D3913D2623C0067C53D /* OPAAudioPlayer.m */,
				A7B38D3A13D2623C0067C53D /* OPAAudioQueueObject.h */,
				A7B38D3B13D2623C0067C53D /* OPAAudioQueueObject.m */,
			);
			path = AudioPlayer;
			sourceTree = SOURCE_ROOT;
		};
		A7E0001713D15A3D0048B9EC = {
			isa = PBXGroup;
			children = (
				A7E0002C13D15A3D0048B9EC /* SongGong */,
				A7E0002513D15A3D0048B9EC /* Frameworks */,
				A7E0002313D15A3D0048B9EC /* Products */,
			);
			sourceTree = "<group>";
		};
		A7E0002313D15A3D0048B9EC /* Products */ = {
			isa = PBXGroup;
			children = (
				A7E0002213D15A3D0048B9EC /* SongGong.app */,
			);
			name = Products;
			sourceTree = "<group>";
		};
		A7E0002513D15A3D0048B9EC /* Frameworks */ = {
			isa = PBXGroup;
			children = (
				BC6D345813D25A3E006DA25F /* QuartzCore.framework */,
				BCEDBD9513D2431400BEA8FA /* MediaPlayer.framework */,
				BCEDBD9113D23BCE00BEA8FA /* AudioToolbox.framework */,
				BCEDBD9213D23BCF00BEA8FA /* AVFoundation.framework */,
				A7E0002613D15A3D0048B9EC /* UIKit.framework */,
				A7E0002813D15A3D0048B9EC /* Foundation.framework */,
				A7E0002A13D15A3D0048B9EC /* CoreGraphics.framework */,
			);
			name = Frameworks;
			sourceTree = "<group>";
		};
		A7E0002C13D15A3D0048B9EC /* SongGong */ = {
			isa = PBXGroup;
			children = (
				A7B38D3713D2623C0067C53D /* AudioPlayer */,
				A7B38D2D13D261590067C53D /* Images */,
				A7B38D2C13D2614F0067C53D /* Sounds */,
				BC6D345413D25995006DA25F /* iCarousel.h */,
				BC6D345513D25995006DA25F /* iCarousel.m */,
				A7C4192C13D2545C00C12455 /* SGBlindGestureView.h */,
				A7C4192D13D2545C00C12455 /* SGBlindGestureView.m */,
				A7C4192E13D2545C00C12455 /* SGCarouselViewController.h */,
				A7C4192F13D2545C00C12455 /* SGCarouselViewController.m */,
				A7C4193013D2545C00C12455 /* SGCarouselViewController.xib */,
				A7C4193113D2545C00C12455 /* SGGestureController.h */,
				A7C4193213D2545C00C12455 /* SGGestureController.m */,
				A7EA404C13D164FC008D9551 /* SongGongAppDelegate.h */,
				A7EA404D13D164FC008D9551 /* SongGongAppDelegate.m */,
				BCEDBD8F13D2343400BEA8FA /* SGCarouselProtocols.h */,
				A7E0002D13D15A3D0048B9EC /* Supporting Files */,
				A7D636D913D26D1200E6F541 /* SGIPodSource.h */,
				A7D636DA13D26D1200E6F541 /* SGIPodSource.m */,
			);
			path = SongGong;
			sourceTree = "<group>";
		};
		A7E0002D13D15A3D0048B9EC /* Supporting Files */ = {
			isa = PBXGroup;
			children = (
				A7EA405813D1656D008D9551 /* InfoPlist.strings */,
				A7EA405613D16550008D9551 /* main.m */,
				A7E0002E13D15A3D0048B9EC /* SongGong-Info.plist */,
				A7E0003413D15A3D0048B9EC /* SongGong-Prefix.pch */,
			);
			name = "Supporting Files";
			sourceTree = "<group>";
		};
/* End PBXGroup section */

/* Begin PBXNativeTarget section */
		A7E0002113D15A3D0048B9EC /* SongGong */ = {
			isa = PBXNativeTarget;
			buildConfigurationList = A7E0005413D15A3D0048B9EC /* Build configuration list for PBXNativeTarget "SongGong" */;
			buildPhases = (
				A7E0001E13D15A3D0048B9EC /* Sources */,
				A7E0001F13D15A3D0048B9EC /* Frameworks */,
				A7E0002013D15A3D0048B9EC /* Resources */,
			);
			buildRules = (
			);
			dependencies = (
			);
			name = SongGong;
			productName = SongGong;
			productReference = A7E0002213D15A3D0048B9EC /* SongGong.app */;
			productType = "com.apple.product-type.application";
		};
/* End PBXNativeTarget section */

/* Begin PBXProject section */
		A7E0001913D15A3D0048B9EC /* Project object */ = {
			isa = PBXProject;
			attributes = {
				LastUpgradeCheck = 0420;
				ORGANIZATIONNAME = "doubleTwist Corporation";
			};
			buildConfigurationList = A7E0001C13D15A3D0048B9EC /* Build configuration list for PBXProject "SongGong" */;
			compatibilityVersion = "Xcode 3.2";
			developmentRegion = English;
			hasScannedForEncodings = 0;
			knownRegions = (
				en,
			);
			mainGroup = A7E0001713D15A3D0048B9EC;
			productRefGroup = A7E0002313D15A3D0048B9EC /* Products */;
			projectDirPath = "";
			projectRoot = "";
			targets = (
				A7E0002113D15A3D0048B9EC /* SongGong */,
			);
		};
/* End PBXProject section */

/* Begin PBXResourcesBuildPhase section */
		A7E0002013D15A3D0048B9EC /* Resources */ = {
			isa = PBXResourcesBuildPhase;
			buildActionMask = 2147483647;
			files = (
				A7EA405A13D1656D008D9551 /* InfoPlist.strings in Resources */,
				A7C4193513D2545C00C12455 /* SGCarouselViewController.xib in Resources */,
				A7B38D3113D2616A0067C53D /* nav-LeftRight.aiff in Resources */,
				A7B38D3213D2616A0067C53D /* nav-UpDown.aiff in Resources */,
				A7B38D3313D2616A0067C53D /* nav-Wall.aiff in Resources */,
				BCBA88A813D271A400639D2C /* ipod-icon.png in Resources */,
			);
			runOnlyForDeploymentPostprocessing = 0;
		};
/* End PBXResourcesBuildPhase section */

/* Begin PBXSourcesBuildPhase section */
		A7E0001E13D15A3D0048B9EC /* Sources */ = {
			isa = PBXSourcesBuildPhase;
			buildActionMask = 2147483647;
			files = (
				A7EA405513D164FC008D9551 /* SongGongAppDelegate.m in Sources */,
				A7EA405713D16550008D9551 /* main.m in Sources */,
				A7C4193313D2545C00C12455 /* SGBlindGestureView.m in Sources */,
				A7C4193413D2545C00C12455 /* SGCarouselViewController.m in Sources */,
				A7C4193613D2545C00C12455 /* SGGestureController.m in Sources */,
				A7B38D3C13D2623C0067C53D /* OPAAudioPlayer.m in Sources */,
				A7B38D3D13D2623C0067C53D /* OPAAudioQueueObject.m in Sources */,
				A7D636D813D2662500E6F541 /* OPASpookSoundManager.m in Sources */,
				BC6D345613D25995006DA25F /* iCarousel.m in Sources */,
				A7D636DB13D26D1200E6F541 /* SGIPodSource.m in Sources */,
			);
			runOnlyForDeploymentPostprocessing = 0;
		};
/* End PBXSourcesBuildPhase section */

/* Begin PBXVariantGroup section */
		A7EA405813D1656D008D9551 /* InfoPlist.strings */ = {
			isa = PBXVariantGroup;
			children = (
				A7EA405913D1656D008D9551 /* en */,
			);
			name = InfoPlist.strings;
			sourceTree = "<group>";
		};
/* End PBXVariantGroup section */

/* Begin XCBuildConfiguration section */
		A7E0005213D15A3D0048B9EC /* Debug */ = {
			isa = XCBuildConfiguration;
			buildSettings = {
				ALWAYS_SEARCH_USER_PATHS = NO;
				ARCHS = "$(ARCHS_STANDARD_32_BIT)";
				CLANG_ENABLE_OBJC_ARC = NO;
				"CODE_SIGN_IDENTITY[sdk=iphoneos*]" = "iPhone Developer";
				COPY_PHASE_STRIP = NO;
				GCC_C_LANGUAGE_STANDARD = gnu99;
				GCC_DYNAMIC_NO_PIC = NO;
				GCC_OPTIMIZATION_LEVEL = 0;
				GCC_PREPROCESSOR_DEFINITIONS = (
					"DEBUG=1",
					"$(inherited)",
				);
				GCC_SYMBOLS_PRIVATE_EXTERN = NO;
				GCC_VERSION = com.apple.compilers.llvmgcc42;
				GCC_WARN_ABOUT_MISSING_PROTOTYPES = YES;
				GCC_WARN_ABOUT_RETURN_TYPE = YES;
				GCC_WARN_UNUSED_VARIABLE = YES;
				IPHONEOS_DEPLOYMENT_TARGET = 4.3;
				SDKROOT = iphoneos4.3;
				TARGETED_DEVICE_FAMILY = "1,2";
			};
			name = Debug;
		};
		A7E0005313D15A3D0048B9EC /* Release */ = {
			isa = XCBuildConfiguration;
			buildSettings = {
				ALWAYS_SEARCH_USER_PATHS = NO;
				ARCHS = "$(ARCHS_STANDARD_32_BIT)";
				CLANG_ENABLE_OBJC_ARC = NO;
				"CODE_SIGN_IDENTITY[sdk=iphoneos*]" = "iPhone Developer";
				COPY_PHASE_STRIP = YES;
				GCC_C_LANGUAGE_STANDARD = gnu99;
				GCC_VERSION = com.apple.compilers.llvmgcc42;
				GCC_WARN_ABOUT_MISSING_PROTOTYPES = YES;
				GCC_WARN_ABOUT_RETURN_TYPE = YES;
				GCC_WARN_UNUSED_VARIABLE = YES;
				IPHONEOS_DEPLOYMENT_TARGET = 4.3;
				OTHER_CFLAGS = "-DNS_BLOCK_ASSERTIONS=1";
				SDKROOT = iphoneos4.3;
				TARGETED_DEVICE_FAMILY = "1,2";
				VALIDATE_PRODUCT = YES;
			};
			name = Release;
		};
		A7E0005513D15A3D0048B9EC /* Debug */ = {
			isa = XCBuildConfiguration;
			buildSettings = {
				GCC_PRECOMPILE_PREFIX_HEADER = YES;
				GCC_PREFIX_HEADER = "SongGong-Prefix.pch";
				INFOPLIST_FILE = "SongGong-Info.plist";
				IPHONEOS_DEPLOYMENT_TARGET = 4.3;
				PRODUCT_NAME = "$(TARGET_NAME)";
				WRAPPER_EXTENSION = app;
			};
			name = Debug;
		};
		A7E0005613D15A3D0048B9EC /* Release */ = {
			isa = XCBuildConfiguration;
			buildSettings = {
				GCC_PRECOMPILE_PREFIX_HEADER = YES;
				GCC_PREFIX_HEADER = "SongGong-Prefix.pch";
				INFOPLIST_FILE = "SongGong-Info.plist";
				IPHONEOS_DEPLOYMENT_TARGET = 4.3;
				PRODUCT_NAME = "$(TARGET_NAME)";
				WRAPPER_EXTENSION = app;
			};
			name = Release;
		};
/* End XCBuildConfiguration section */

/* Begin XCConfigurationList section */
		A7E0001C13D15A3D0048B9EC /* Build configuration list for PBXProject "SongGong" */ = {
			isa = XCConfigurationList;
			buildConfigurations = (
				A7E0005213D15A3D0048B9EC /* Debug */,
				A7E0005313D15A3D0048B9EC /* Release */,
			);
			defaultConfigurationIsVisible = 0;
			defaultConfigurationName = Release;
		};
		A7E0005413D15A3D0048B9EC /* Build configuration list for PBXNativeTarget "SongGong" */ = {
			isa = XCConfigurationList;
			buildConfigurations = (
				A7E0005513D15A3D0048B9EC /* Debug */,
				A7E0005613D15A3D0048B9EC /* Release */,
			);
			defaultConfigurationIsVisible = 0;
			defaultConfigurationName = Release;
		};
/* End XCConfigurationList section */
	};
	rootObject = A7E0001913D15A3D0048B9EC /* Project object */;
}
